
Microsoft Visual Studio Solution File, Format Version 12.00
# Visual Studio 15
VisualStudioVersion = 15.0.27428.2015
MinimumVisualStudioVersion = 10.0.40219.1
Project("{FAE04EC0-301F-11D3-BF4B-00C04F79EFBC}") = "TaskMng", "TaskMng\TaskMng.csproj", "{90973723-EC1B-4380-82AA-B92EE25FD344}"
EndProject
Project("{FAE04EC0-301F-11D3-BF4B-00C04F79EFBC}") = "TaskManagerDAL", "TaskManagerDAL\TaskManagerDAL\TaskManagerDAL.csproj", "{1FFCC720-747D-4FCE-B370-884E6F532428}"
EndProject
Project("{FAE04EC0-301F-11D3-BF4B-00C04F79EFBC}") = "UsersBLL", "UsersBLL\UsersBLL.csproj", "{23854555-4881-4A34-BE79-B9C2DBC24686}"
EndProject
Project("{FAE04EC0-301F-11D3-BF4B-00C04F79EFBC}") = "TaskManagerBLL", "TaskManagerBLL\TaskManagerBLL.csproj", "{03F6A1DB-500C-4188-9CC3-C9847FC16345}"
EndProject
Global
	GlobalSection(SolutionConfigurationPlatforms) = preSolution
		Debug|Any CPU = Debug|Any CPU
		Release|Any CPU = Release|Any CPU
	EndGlobalSection
	GlobalSection(ProjectConfigurationPlatforms) = postSolution
		{90973723-EC1B-4380-82AA-B92EE25FD344}.Debug|Any CPU.ActiveCfg = Debug|Any CPU
		{90973723-EC1B-4380-82AA-B92EE25FD344}.Debug|Any CPU.Build.0 = Debug|Any CPU
		{90973723-EC1B-4380-82AA-B92EE25FD344}.Release|Any CPU.ActiveCfg = Release|Any CPU
		{90973723-EC1B-4380-82AA-B92EE25FD344}.Release|Any CPU.Build.0 = Release|Any CPU
		{1FFCC720-747D-4FCE-B370-884E6F532428}.Debug|Any CPU.ActiveCfg = Debug|Any CPU
		{1FFCC720-747D-4FCE-B370-884E6F532428}.Debug|Any CPU.Build.0 = Debug|Any CPU
		{1FFCC720-747D-4FCE-B370-884E6F532428}.Release|Any CPU.ActiveCfg = Release|Any CPU
		{1FFCC720-747D-4FCE-B370-884E6F532428}.Release|Any CPU.Build.0 = Release|Any CPU
		{23854555-4881-4A34-BE79-B9C2DBC24686}.Debug|Any CPU.ActiveCfg = Debug|Any CPU
		{23854555-4881-4A34-BE79-B9C2DBC24686}.Debug|Any CPU.Build.0 = Debug|Any CPU
		{23854555-4881-4A34-BE79-B9C2DBC24686}.Release|Any CPU.ActiveCfg = Release|Any CPU
		{23854555-4881-4A34-BE79-B9C2DBC24686}.Release|Any CPU.Build.0 = Release|Any CPU
		{03F6A1DB-500C-4188-9CC3-C9847FC16345}.Debug|Any CPU.ActiveCfg = Debug|Any CPU
		{03F6A1DB-500C-4188-9CC3-C9847FC16345}.Debug|Any CPU.Build.0 = Debug|Any CPU
		{03F6A1DB-500C-4188-9CC3-C9847FC16345}.Release|Any CPU.ActiveCfg = Release|Any CPU
		{03F6A1DB-500C-4188-9CC3-C9847FC16345}.Release|Any CPU.Build.0 = Release|Any CPU
	EndGlobalSection
	GlobalSection(SolutionProperties) = preSolution
		HideSolutionNode = FALSE
	EndGlobalSection
	GlobalSection(ExtensibilityGlobals) = postSolution
		SolutionGuid = {A9A1538A-864E-439C-8593-7905DD3C87FC}
	EndGlobalSection
EndGlobal
